
Microsoft Visual Studio Solution File, Format Version 12.00
# Visual Studio Version 18
VisualStudioVersion = 18.4.11626.88
MinimumVisualStudioVersion = 10.0.40219.1
Project("{FAE04EC0-301F-11D3-BF4B-00C04F79EFBC}") = "OpenADK-US-SDO", "src\us\OpenADK-US-SDO.csproj", "{ECFAE610-4E30-47DB-9FBE-7C6EDE4FF035}"
EndProject
Project("{FAE04EC0-301F-11D3-BF4B-00C04F79EFBC}") = "OpenADK-NET-Core", "src\core\OpenADK-NET-Core.csproj", "{99BBF567-55A8-4322-AB2B-4A2F43A7D99D}"
EndProject
Project("{FAE04EC0-301F-11D3-BF4B-00C04F79EFBC}") = "Chameleon", "examples\us\CSharp\Chameleon\Chameleon.csproj", "{2912F779-4C13-4632-9677-4DEF7FA02F6F}"
EndProject
Project("{FAE04EC0-301F-11D3-BF4B-00C04F79EFBC}") = "Mappings", "examples\us\CSharp\Mappings\Mappings.csproj", "{AB216546-0B29-4868-BCB3-553A8690192F}"
EndProject
Project("{FAE04EC0-301F-11D3-BF4B-00C04F79EFBC}") = "SimpleProvider", "examples\us\CSharp\SimpleProvider\SimpleProvider.csproj", "{9DDA2C86-CBC7-4FFE-91BF-AC686E5B131B}"
EndProject
Project("{FAE04EC0-301F-11D3-BF4B-00C04F79EFBC}") = "SimpleSubscriber", "examples\us\CSharp\SimpleSubscriber\SimpleSubscriber.csproj", "{8A40B063-92E6-4F42-8E86-1E95AA712FA3}"
EndProject
Project("{FAE04EC0-301F-11D3-BF4B-00C04F79EFBC}") = "SIFQuery", "examples\us\CSharp\SIFQuery\SIFQuery.csproj", "{746564BE-479B-4408-8DBA-79DF129C0B7F}"
EndProject
Project("{FAE04EC0-301F-11D3-BF4B-00C04F79EFBC}") = "OpenADK.xUnit.us", "test\us\src\OpenADK.xUnit.us.csproj", "{95C75EB1-9CD1-42B1-AA8F-F615B0C8DE96}"
EndProject
Project("{FAE04EC0-301F-11D3-BF4B-00C04F79EFBC}") = "OpenADK-xUnit-Core", "test\core\src\OpenADK-xUnit-Core.csproj", "{96E593B8-5673-4F26-BAD8-746174CE802A}"
EndProject
Project("{FAE04EC0-301F-11D3-BF4B-00C04F79EFBC}") = "OpenADK.UnitTesting", "test\framework\src\OpenADK.UnitTesting.csproj", "{50DACA02-66FB-47A4-93AD-B87AF55CFAF9}"
EndProject
Project("{2150E333-8FDC-42A3-9474-1A3956D46DE8}") = "examples", "examples", "{DDB5AF72-0515-4981-991D-BC8F72FBC99B}"
EndProject
Project("{2150E333-8FDC-42A3-9474-1A3956D46DE8}") = "src", "src", "{FD4AFF9D-67E5-44FD-BC92-3A1CF1FD09E6}"
EndProject
Project("{2150E333-8FDC-42A3-9474-1A3956D46DE8}") = "test", "test", "{611714FF-BF28-46F1-AAE1-81BDB72DFFF4}"
EndProject
Global
	GlobalSection(SolutionConfigurationPlatforms) = preSolution
		Debug|Any CPU = Debug|Any CPU
		Release|Any CPU = Release|Any CPU
	EndGlobalSection
	GlobalSection(ProjectConfigurationPlatforms) = postSolution
		{ECFAE610-4E30-47DB-9FBE-7C6EDE4FF035}.Debug|Any CPU.ActiveCfg = Debug|Any CPU
		{ECFAE610-4E30-47DB-9FBE-7C6EDE4FF035}.Debug|Any CPU.Build.0 = Debug|Any CPU
		{ECFAE610-4E30-47DB-9FBE-7C6EDE4FF035}.Release|Any CPU.ActiveCfg = Release|Any CPU
		{ECFAE610-4E30-47DB-9FBE-7C6EDE4FF035}.Release|Any CPU.Build.0 = Release|Any CPU
		{99BBF567-55A8-4322-AB2B-4A2F43A7D99D}.Debug|Any CPU.ActiveCfg = Debug|Any CPU
		{99BBF567-55A8-4322-AB2B-4A2F43A7D99D}.Debug|Any CPU.Build.0 = Debug|Any CPU
		{99BBF567-55A8-4322-AB2B-4A2F43A7D99D}.Release|Any CPU.ActiveCfg = Release|Any CPU
		{99BBF567-55A8-4322-AB2B-4A2F43A7D99D}.Release|Any CPU.Build.0 = Release|Any CPU
		{2912F779-4C13-4632-9677-4DEF7FA02F6F}.Debug|Any CPU.ActiveCfg = Debug|Any CPU
		{2912F779-4C13-4632-9677-4DEF7FA02F6F}.Debug|Any CPU.Build.0 = Debug|Any CPU
		{2912F779-4C13-4632-9677-4DEF7FA02F6F}.Release|Any CPU.ActiveCfg = Release|Any CPU
		{2912F779-4C13-4632-9677-4DEF7FA02F6F}.Release|Any CPU.Build.0 = Release|Any CPU
		{AB216546-0B29-4868-BCB3-553A8690192F}.Debug|Any CPU.ActiveCfg = Debug|Any CPU
		{AB216546-0B29-4868-BCB3-553A8690192F}.Debug|Any CPU.Build.0 = Debug|Any CPU
		{AB216546-0B29-4868-BCB3-553A8690192F}.Release|Any CPU.ActiveCfg = Release|Any CPU
		{AB216546-0B29-4868-BCB3-553A8690192F}.Release|Any CPU.Build.0 = Release|Any CPU
		{9DDA2C86-CBC7-4FFE-91BF-AC686E5B131B}.Debug|Any CPU.ActiveCfg = Debug|Any CPU
		{9DDA2C86-CBC7-4FFE-91BF-AC686E5B131B}.Debug|Any CPU.Build.0 = Debug|Any CPU
		{9DDA2C86-CBC7-4FFE-91BF-AC686E5B131B}.Release|Any CPU.ActiveCfg = Release|Any CPU
		{9DDA2C86-CBC7-4FFE-91BF-AC686E5B131B}.Release|Any CPU.Build.0 = Release|Any CPU
		{8A40B063-92E6-4F42-8E86-1E95AA712FA3}.Debug|Any CPU.ActiveCfg = Debug|Any CPU
		{8A40B063-92E6-4F42-8E86-1E95AA712FA3}.Debug|Any CPU.Build.0 = Debug|Any CPU
		{8A40B063-92E6-4F42-8E86-1E95AA712FA3}.Release|Any CPU.ActiveCfg = Release|Any CPU
		{8A40B063-92E6-4F42-8E86-1E95AA712FA3}.Release|Any CPU.Build.0 = Release|Any CPU
		{746564BE-479B-4408-8DBA-79DF129C0B7F}.Debug|Any CPU.ActiveCfg = Debug|Any CPU
		{746564BE-479B-4408-8DBA-79DF129C0B7F}.Debug|Any CPU.Build.0 = Debug|Any CPU
		{746564BE-479B-4408-8DBA-79DF129C0B7F}.Release|Any CPU.ActiveCfg = Release|Any CPU
		{746564BE-479B-4408-8DBA-79DF129C0B7F}.Release|Any CPU.Build.0 = Release|Any CPU
		{95C75EB1-9CD1-42B1-AA8F-F615B0C8DE96}.Debug|Any CPU.ActiveCfg = Debug|Any CPU
		{95C75EB1-9CD1-42B1-AA8F-F615B0C8DE96}.Debug|Any CPU.Build.0 = Debug|Any CPU
		{95C75EB1-9CD1-42B1-AA8F-F615B0C8DE96}.Release|Any CPU.ActiveCfg = Release|Any CPU
		{95C75EB1-9CD1-42B1-AA8F-F615B0C8DE96}.Release|Any CPU.Build.0 = Release|Any CPU
		{96E593B8-5673-4F26-BAD8-746174CE802A}.Debug|Any CPU.ActiveCfg = Debug|Any CPU
		{96E593B8-5673-4F26-BAD8-746174CE802A}.Debug|Any CPU.Build.0 = Debug|Any CPU
		{96E593B8-5673-4F26-BAD8-746174CE802A}.Release|Any CPU.ActiveCfg = Release|Any CPU
		{96E593B8-5673-4F26-BAD8-746174CE802A}.Release|Any CPU.Build.0 = Release|Any CPU
		{50DACA02-66FB-47A4-93AD-B87AF55CFAF9}.Debug|Any CPU.ActiveCfg = Debug|Any CPU
		{50DACA02-66FB-47A4-93AD-B87AF55CFAF9}.Debug|Any CPU.Build.0 = Debug|Any CPU
		{50DACA02-66FB-47A4-93AD-B87AF55CFAF9}.Release|Any CPU.ActiveCfg = Release|Any CPU
		{50DACA02-66FB-47A4-93AD-B87AF55CFAF9}.Release|Any CPU.Build.0 = Release|Any CPU
	EndGlobalSection
	GlobalSection(SolutionProperties) = preSolution
		HideSolutionNode = FALSE
	EndGlobalSection
	GlobalSection(NestedProjects) = preSolution
		{ECFAE610-4E30-47DB-9FBE-7C6EDE4FF035} = {FD4AFF9D-67E5-44FD-BC92-3A1CF1FD09E6}
		{99BBF567-55A8-4322-AB2B-4A2F43A7D99D} = {FD4AFF9D-67E5-44FD-BC92-3A1CF1FD09E6}
		{2912F779-4C13-4632-9677-4DEF7FA02F6F} = {DDB5AF72-0515-4981-991D-BC8F72FBC99B}
		{AB216546-0B29-4868-BCB3-553A8690192F} = {DDB5AF72-0515-4981-991D-BC8F72FBC99B}
		{9DDA2C86-CBC7-4FFE-91BF-AC686E5B131B} = {DDB5AF72-0515-4981-991D-BC8F72FBC99B}
		{8A40B063-92E6-4F42-8E86-1E95AA712FA3} = {DDB5AF72-0515-4981-991D-BC8F72FBC99B}
		{746564BE-479B-4408-8DBA-79DF129C0B7F} = {DDB5AF72-0515-4981-991D-BC8F72FBC99B}
		{95C75EB1-9CD1-42B1-AA8F-F615B0C8DE96} = {611714FF-BF28-46F1-AAE1-81BDB72DFFF4}
		{96E593B8-5673-4F26-BAD8-746174CE802A} = {611714FF-BF28-46F1-AAE1-81BDB72DFFF4}
		{50DACA02-66FB-47A4-93AD-B87AF55CFAF9} = {611714FF-BF28-46F1-AAE1-81BDB72DFFF4}
	EndGlobalSection
	GlobalSection(ExtensibilityGlobals) = postSolution
		SolutionGuid = {D38F34D3-F246-499E-A276-784853080B1A}
	EndGlobalSection
EndGlobal
