
Microsoft Visual Studio Solution File, Format Version 12.00
# Visual Studio Version 18
VisualStudioVersion = 18.4.11626.88
MinimumVisualStudioVersion = 10.0.40219.1
Project("{FAE04EC0-301F-11D3-BF4B-00C04F79EFBC}") = "SIFQuery", "SIFQuery.csproj", "{746564BE-479B-4408-8DBA-79DF129C0B7F}"
EndProject
Project("{FAE04EC0-301F-11D3-BF4B-00C04F79EFBC}") = "OpenADK-NET-Core", "..\..\..\..\src\core\OpenADK-NET-Core.csproj", "{99BBF567-55A8-4322-AB2B-4A2F43A7D99D}"
EndProject
Project("{FAE04EC0-301F-11D3-BF4B-00C04F79EFBC}") = "OpenADK-AU-SDO", "..\..\..\..\src\au\OpenADK-AU-SDO.csproj", "{891B42F5-F3CC-4457-B48C-04DBE0B3E210}"
EndProject
Global
	GlobalSection(SolutionConfigurationPlatforms) = preSolution
		Debug|Any CPU = Debug|Any CPU
		Eval|Any CPU = Eval|Any CPU
		Internal|Any CPU = Internal|Any CPU
		Release|Any CPU = Release|Any CPU
		ReleaseDocs|Any CPU = ReleaseDocs|Any CPU
	EndGlobalSection
	GlobalSection(ProjectConfigurationPlatforms) = postSolution
		{746564BE-479B-4408-8DBA-79DF129C0B7F}.Debug|Any CPU.ActiveCfg = Debug|Any CPU
		{746564BE-479B-4408-8DBA-79DF129C0B7F}.Debug|Any CPU.Build.0 = Debug|Any CPU
		{746564BE-479B-4408-8DBA-79DF129C0B7F}.Eval|Any CPU.ActiveCfg = Release|Any CPU
		{746564BE-479B-4408-8DBA-79DF129C0B7F}.Eval|Any CPU.Build.0 = Release|Any CPU
		{746564BE-479B-4408-8DBA-79DF129C0B7F}.Internal|Any CPU.ActiveCfg = Release|Any CPU
		{746564BE-479B-4408-8DBA-79DF129C0B7F}.Internal|Any CPU.Build.0 = Release|Any CPU
		{746564BE-479B-4408-8DBA-79DF129C0B7F}.Release|Any CPU.ActiveCfg = Release|Any CPU
		{746564BE-479B-4408-8DBA-79DF129C0B7F}.Release|Any CPU.Build.0 = Release|Any CPU
		{746564BE-479B-4408-8DBA-79DF129C0B7F}.ReleaseDocs|Any CPU.ActiveCfg = Release|Any CPU
		{746564BE-479B-4408-8DBA-79DF129C0B7F}.ReleaseDocs|Any CPU.Build.0 = Release|Any CPU
		{99BBF567-55A8-4322-AB2B-4A2F43A7D99D}.Debug|Any CPU.ActiveCfg = Debug|Any CPU
		{99BBF567-55A8-4322-AB2B-4A2F43A7D99D}.Debug|Any CPU.Build.0 = Debug|Any CPU
		{99BBF567-55A8-4322-AB2B-4A2F43A7D99D}.Eval|Any CPU.ActiveCfg = Eval|Any CPU
		{99BBF567-55A8-4322-AB2B-4A2F43A7D99D}.Eval|Any CPU.Build.0 = Eval|Any CPU
		{99BBF567-55A8-4322-AB2B-4A2F43A7D99D}.Internal|Any CPU.ActiveCfg = Internal|Any CPU
		{99BBF567-55A8-4322-AB2B-4A2F43A7D99D}.Internal|Any CPU.Build.0 = Internal|Any CPU
		{99BBF567-55A8-4322-AB2B-4A2F43A7D99D}.Release|Any CPU.ActiveCfg = Release|Any CPU
		{99BBF567-55A8-4322-AB2B-4A2F43A7D99D}.Release|Any CPU.Build.0 = Release|Any CPU
		{99BBF567-55A8-4322-AB2B-4A2F43A7D99D}.ReleaseDocs|Any CPU.ActiveCfg = ReleaseDocs|Any CPU
		{99BBF567-55A8-4322-AB2B-4A2F43A7D99D}.ReleaseDocs|Any CPU.Build.0 = ReleaseDocs|Any CPU
		{891B42F5-F3CC-4457-B48C-04DBE0B3E210}.Debug|Any CPU.ActiveCfg = Debug|Any CPU
		{891B42F5-F3CC-4457-B48C-04DBE0B3E210}.Debug|Any CPU.Build.0 = Debug|Any CPU
		{891B42F5-F3CC-4457-B48C-04DBE0B3E210}.Eval|Any CPU.ActiveCfg = ReleaseDocs|Any CPU
		{891B42F5-F3CC-4457-B48C-04DBE0B3E210}.Eval|Any CPU.Build.0 = ReleaseDocs|Any CPU
		{891B42F5-F3CC-4457-B48C-04DBE0B3E210}.Internal|Any CPU.ActiveCfg = ReleaseDocs|Any CPU
		{891B42F5-F3CC-4457-B48C-04DBE0B3E210}.Internal|Any CPU.Build.0 = ReleaseDocs|Any CPU
		{891B42F5-F3CC-4457-B48C-04DBE0B3E210}.Release|Any CPU.ActiveCfg = Release|Any CPU
		{891B42F5-F3CC-4457-B48C-04DBE0B3E210}.Release|Any CPU.Build.0 = Release|Any CPU
		{891B42F5-F3CC-4457-B48C-04DBE0B3E210}.ReleaseDocs|Any CPU.ActiveCfg = ReleaseDocs|Any CPU
		{891B42F5-F3CC-4457-B48C-04DBE0B3E210}.ReleaseDocs|Any CPU.Build.0 = ReleaseDocs|Any CPU
	EndGlobalSection
	GlobalSection(SolutionProperties) = preSolution
		HideSolutionNode = FALSE
	EndGlobalSection
	GlobalSection(ExtensibilityGlobals) = postSolution
		SolutionGuid = {6CF56F06-24D8-447F-9675-AD12D35DB9F3}
	EndGlobalSection
EndGlobal
