
Microsoft Visual Studio Solution File, Format Version 12.00
# Visual Studio Version 18
VisualStudioVersion = 18.4.11620.152
MinimumVisualStudioVersion = 10.0.40219.1
Project("{FAE04EC0-301F-11D3-BF4B-00C04F79EFBC}") = "OpenADK-US-SDO", "us\OpenADK-US-SDO.csproj", "{ECFAE610-4E30-47DB-9FBE-7C6EDE4FF035}"
EndProject
Project("{FAE04EC0-301F-11D3-BF4B-00C04F79EFBC}") = "OpenADK-UK-SDO", "uk\OpenADK-UK-SDO.csproj", "{4E8A65A3-204A-4D82-A66C-627E3183A500}"
EndProject
Project("{FAE04EC0-301F-11D3-BF4B-00C04F79EFBC}") = "OpenADK-NET-Core", "core\OpenADK-NET-Core.csproj", "{99BBF567-55A8-4322-AB2B-4A2F43A7D99D}"
EndProject
Project("{FAE04EC0-301F-11D3-BF4B-00C04F79EFBC}") = "OpenADK-AU-SDO", "au\OpenADK-AU-SDO.csproj", "{891B42F5-F3CC-4457-B48C-04DBE0B3E210}"
EndProject
Global
	GlobalSection(SolutionConfigurationPlatforms) = preSolution
		Debug|Any CPU = Debug|Any CPU
		Eval|Any CPU = Eval|Any CPU
		Internal|Any CPU = Internal|Any CPU
		Release|Any CPU = Release|Any CPU
		ReleaseDocs|Any CPU = ReleaseDocs|Any CPU
	EndGlobalSection
	GlobalSection(ProjectConfigurationPlatforms) = postSolution
		{ECFAE610-4E30-47DB-9FBE-7C6EDE4FF035}.Debug|Any CPU.ActiveCfg = Debug|Any CPU
		{ECFAE610-4E30-47DB-9FBE-7C6EDE4FF035}.Debug|Any CPU.Build.0 = Debug|Any CPU
		{ECFAE610-4E30-47DB-9FBE-7C6EDE4FF035}.Eval|Any CPU.ActiveCfg = Eval|Any CPU
		{ECFAE610-4E30-47DB-9FBE-7C6EDE4FF035}.Eval|Any CPU.Build.0 = Eval|Any CPU
		{ECFAE610-4E30-47DB-9FBE-7C6EDE4FF035}.Internal|Any CPU.ActiveCfg = Internal|Any CPU
		{ECFAE610-4E30-47DB-9FBE-7C6EDE4FF035}.Internal|Any CPU.Build.0 = Internal|Any CPU
		{ECFAE610-4E30-47DB-9FBE-7C6EDE4FF035}.Release|Any CPU.ActiveCfg = Release|Any CPU
		{ECFAE610-4E30-47DB-9FBE-7C6EDE4FF035}.Release|Any CPU.Build.0 = Release|Any CPU
		{ECFAE610-4E30-47DB-9FBE-7C6EDE4FF035}.ReleaseDocs|Any CPU.ActiveCfg = ReleaseDocs|Any CPU
		{ECFAE610-4E30-47DB-9FBE-7C6EDE4FF035}.ReleaseDocs|Any CPU.Build.0 = ReleaseDocs|Any CPU
		{4E8A65A3-204A-4D82-A66C-627E3183A500}.Debug|Any CPU.ActiveCfg = Debug|Any CPU
		{4E8A65A3-204A-4D82-A66C-627E3183A500}.Debug|Any CPU.Build.0 = Debug|Any CPU
		{4E8A65A3-204A-4D82-A66C-627E3183A500}.Eval|Any CPU.ActiveCfg = Eval|Any CPU
		{4E8A65A3-204A-4D82-A66C-627E3183A500}.Eval|Any CPU.Build.0 = Eval|Any CPU
		{4E8A65A3-204A-4D82-A66C-627E3183A500}.Internal|Any CPU.ActiveCfg = Internal|Any CPU
		{4E8A65A3-204A-4D82-A66C-627E3183A500}.Internal|Any CPU.Build.0 = Internal|Any CPU
		{4E8A65A3-204A-4D82-A66C-627E3183A500}.Release|Any CPU.ActiveCfg = Release|Any CPU
		{4E8A65A3-204A-4D82-A66C-627E3183A500}.Release|Any CPU.Build.0 = Release|Any CPU
		{4E8A65A3-204A-4D82-A66C-627E3183A500}.ReleaseDocs|Any CPU.ActiveCfg = ReleaseDocs|Any CPU
		{4E8A65A3-204A-4D82-A66C-627E3183A500}.ReleaseDocs|Any CPU.Build.0 = ReleaseDocs|Any CPU
		{99BBF567-55A8-4322-AB2B-4A2F43A7D99D}.Debug|Any CPU.ActiveCfg = Debug|Any CPU
		{99BBF567-55A8-4322-AB2B-4A2F43A7D99D}.Debug|Any CPU.Build.0 = Debug|Any CPU
		{99BBF567-55A8-4322-AB2B-4A2F43A7D99D}.Eval|Any CPU.ActiveCfg = Eval|Any CPU
		{99BBF567-55A8-4322-AB2B-4A2F43A7D99D}.Eval|Any CPU.Build.0 = Eval|Any CPU
		{99BBF567-55A8-4322-AB2B-4A2F43A7D99D}.Internal|Any CPU.ActiveCfg = Internal|Any CPU
		{99BBF567-55A8-4322-AB2B-4A2F43A7D99D}.Internal|Any CPU.Build.0 = Internal|Any CPU
		{99BBF567-55A8-4322-AB2B-4A2F43A7D99D}.Release|Any CPU.ActiveCfg = Release|Any CPU
		{99BBF567-55A8-4322-AB2B-4A2F43A7D99D}.Release|Any CPU.Build.0 = Release|Any CPU
		{99BBF567-55A8-4322-AB2B-4A2F43A7D99D}.ReleaseDocs|Any CPU.ActiveCfg = ReleaseDocs|Any CPU
		{99BBF567-55A8-4322-AB2B-4A2F43A7D99D}.ReleaseDocs|Any CPU.Build.0 = ReleaseDocs|Any CPU
		{891B42F5-F3CC-4457-B48C-04DBE0B3E210}.Debug|Any CPU.ActiveCfg = Debug|Any CPU
		{891B42F5-F3CC-4457-B48C-04DBE0B3E210}.Debug|Any CPU.Build.0 = Debug|Any CPU
		{891B42F5-F3CC-4457-B48C-04DBE0B3E210}.Eval|Any CPU.ActiveCfg = ReleaseDocs|Any CPU
		{891B42F5-F3CC-4457-B48C-04DBE0B3E210}.Eval|Any CPU.Build.0 = ReleaseDocs|Any CPU
		{891B42F5-F3CC-4457-B48C-04DBE0B3E210}.Internal|Any CPU.ActiveCfg = ReleaseDocs|Any CPU
		{891B42F5-F3CC-4457-B48C-04DBE0B3E210}.Internal|Any CPU.Build.0 = ReleaseDocs|Any CPU
		{891B42F5-F3CC-4457-B48C-04DBE0B3E210}.Release|Any CPU.ActiveCfg = Release|Any CPU
		{891B42F5-F3CC-4457-B48C-04DBE0B3E210}.Release|Any CPU.Build.0 = Release|Any CPU
		{891B42F5-F3CC-4457-B48C-04DBE0B3E210}.ReleaseDocs|Any CPU.ActiveCfg = ReleaseDocs|Any CPU
		{891B42F5-F3CC-4457-B48C-04DBE0B3E210}.ReleaseDocs|Any CPU.Build.0 = ReleaseDocs|Any CPU
	EndGlobalSection
	GlobalSection(SolutionProperties) = preSolution
		HideSolutionNode = FALSE
	EndGlobalSection
EndGlobal
